
Microsoft Visual Studio Solution File, Format Version 12.00
# Visual Studio Version 17
VisualStudioVersion = 17.13.35919.96 d17.13
MinimumVisualStudioVersion = 10.0.40219.1
Project("{FAE04EC0-301F-11D3-BF4B-00C04F79EFBC}") = "задание 1", "ПР 8 КВ\задание 1.csproj", "{DD489927-FBB5-4A5E-82BA-351618DC6768}"
EndProject
Project("{FAE04EC0-301F-11D3-BF4B-00C04F79EFBC}") = "задание 3", "задание 3\задание 3.csproj", "{CC5A0061-C753-4AF7-A4D7-2BEBBED70085}"
EndProject
Project("{FAE04EC0-301F-11D3-BF4B-00C04F79EFBC}") = "задание 5", "задание 5\задание 5.csproj", "{3234128A-EEFB-4132-8497-673ED8EE527E}"
EndProject
Project("{FAE04EC0-301F-11D3-BF4B-00C04F79EFBC}") = "задание 7", "задание 7\задание 7.csproj", "{FB928601-DB6D-4E26-B7BD-2B8CB6EA21ED}"
EndProject
Project("{FAE04EC0-301F-11D3-BF4B-00C04F79EFBC}") = "задание 9", "задание 9\задание 9.csproj", "{B5751F12-2056-42C6-8F0E-A407A8EA3A34}"
EndProject
Project("{FAE04EC0-301F-11D3-BF4B-00C04F79EFBC}") = "задание 11", "задание 11\задание 11.csproj", "{013A81DD-7A41-4895-9A63-EB540F3E32DF}"
EndProject
Project("{FAE04EC0-301F-11D3-BF4B-00C04F79EFBC}") = "задание 13", "задание 13\задание 13.csproj", "{5B2714DD-4359-4B19-870C-C79D7A21F8E8}"
EndProject
Project("{FAE04EC0-301F-11D3-BF4B-00C04F79EFBC}") = "задание 15", "задание 15\задание 15.csproj", "{BD4559B9-B687-41C8-AE2A-98CE7C675EBA}"
EndProject
Project("{FAE04EC0-301F-11D3-BF4B-00C04F79EFBC}") = "задание 17", "задание 17\задание 17.csproj", "{8210AE64-537A-455F-A5FA-2E0B3882BC10}"
EndProject
Global
	GlobalSection(SolutionConfigurationPlatforms) = preSolution
		Debug|Any CPU = Debug|Any CPU
		Release|Any CPU = Release|Any CPU
	EndGlobalSection
	GlobalSection(ProjectConfigurationPlatforms) = postSolution
		{DD489927-FBB5-4A5E-82BA-351618DC6768}.Debug|Any CPU.ActiveCfg = Debug|Any CPU
		{DD489927-FBB5-4A5E-82BA-351618DC6768}.Debug|Any CPU.Build.0 = Debug|Any CPU
		{DD489927-FBB5-4A5E-82BA-351618DC6768}.Release|Any CPU.ActiveCfg = Release|Any CPU
		{DD489927-FBB5-4A5E-82BA-351618DC6768}.Release|Any CPU.Build.0 = Release|Any CPU
		{CC5A0061-C753-4AF7-A4D7-2BEBBED70085}.Debug|Any CPU.ActiveCfg = Debug|Any CPU
		{CC5A0061-C753-4AF7-A4D7-2BEBBED70085}.Debug|Any CPU.Build.0 = Debug|Any CPU
		{CC5A0061-C753-4AF7-A4D7-2BEBBED70085}.Release|Any CPU.ActiveCfg = Release|Any CPU
		{CC5A0061-C753-4AF7-A4D7-2BEBBED70085}.Release|Any CPU.Build.0 = Release|Any CPU
		{3234128A-EEFB-4132-8497-673ED8EE527E}.Debug|Any CPU.ActiveCfg = Debug|Any CPU
		{3234128A-EEFB-4132-8497-673ED8EE527E}.Debug|Any CPU.Build.0 = Debug|Any CPU
		{3234128A-EEFB-4132-8497-673ED8EE527E}.Release|Any CPU.ActiveCfg = Release|Any CPU
		{3234128A-EEFB-4132-8497-673ED8EE527E}.Release|Any CPU.Build.0 = Release|Any CPU
		{FB928601-DB6D-4E26-B7BD-2B8CB6EA21ED}.Debug|Any CPU.ActiveCfg = Debug|Any CPU
		{FB928601-DB6D-4E26-B7BD-2B8CB6EA21ED}.Debug|Any CPU.Build.0 = Debug|Any CPU
		{FB928601-DB6D-4E26-B7BD-2B8CB6EA21ED}.Release|Any CPU.ActiveCfg = Release|Any CPU
		{FB928601-DB6D-4E26-B7BD-2B8CB6EA21ED}.Release|Any CPU.Build.0 = Release|Any CPU
		{B5751F12-2056-42C6-8F0E-A407A8EA3A34}.Debug|Any CPU.ActiveCfg = Debug|Any CPU
		{B5751F12-2056-42C6-8F0E-A407A8EA3A34}.Debug|Any CPU.Build.0 = Debug|Any CPU
		{B5751F12-2056-42C6-8F0E-A407A8EA3A34}.Release|Any CPU.ActiveCfg = Release|Any CPU
		{B5751F12-2056-42C6-8F0E-A407A8EA3A34}.Release|Any CPU.Build.0 = Release|Any CPU
		{013A81DD-7A41-4895-9A63-EB540F3E32DF}.Debug|Any CPU.ActiveCfg = Debug|Any CPU
		{013A81DD-7A41-4895-9A63-EB540F3E32DF}.Debug|Any CPU.Build.0 = Debug|Any CPU
		{013A81DD-7A41-4895-9A63-EB540F3E32DF}.Release|Any CPU.ActiveCfg = Release|Any CPU
		{013A81DD-7A41-4895-9A63-EB540F3E32DF}.Release|Any CPU.Build.0 = Release|Any CPU
		{5B2714DD-4359-4B19-870C-C79D7A21F8E8}.Debug|Any CPU.ActiveCfg = Debug|Any CPU
		{5B2714DD-4359-4B19-870C-C79D7A21F8E8}.Debug|Any CPU.Build.0 = Debug|Any CPU
		{5B2714DD-4359-4B19-870C-C79D7A21F8E8}.Release|Any CPU.ActiveCfg = Release|Any CPU
		{5B2714DD-4359-4B19-870C-C79D7A21F8E8}.Release|Any CPU.Build.0 = Release|Any CPU
		{BD4559B9-B687-41C8-AE2A-98CE7C675EBA}.Debug|Any CPU.ActiveCfg = Debug|Any CPU
		{BD4559B9-B687-41C8-AE2A-98CE7C675EBA}.Debug|Any CPU.Build.0 = Debug|Any CPU
		{BD4559B9-B687-41C8-AE2A-98CE7C675EBA}.Release|Any CPU.ActiveCfg = Release|Any CPU
		{BD4559B9-B687-41C8-AE2A-98CE7C675EBA}.Release|Any CPU.Build.0 = Release|Any CPU
		{8210AE64-537A-455F-A5FA-2E0B3882BC10}.Debug|Any CPU.ActiveCfg = Debug|Any CPU
		{8210AE64-537A-455F-A5FA-2E0B3882BC10}.Debug|Any CPU.Build.0 = Debug|Any CPU
		{8210AE64-537A-455F-A5FA-2E0B3882BC10}.Release|Any CPU.ActiveCfg = Release|Any CPU
		{8210AE64-537A-455F-A5FA-2E0B3882BC10}.Release|Any CPU.Build.0 = Release|Any CPU
	EndGlobalSection
	GlobalSection(SolutionProperties) = preSolution
		HideSolutionNode = FALSE
	EndGlobalSection
	GlobalSection(ExtensibilityGlobals) = postSolution
		SolutionGuid = {EBD170E8-AC5D-4E14-949C-BD4B455B40BE}
	EndGlobalSection
EndGlobal
